
Microsoft Visual Studio Solution File, Format Version 12.00
# Visual Studio Version 17
VisualStudioVersion = 17.14.36811.4 d17.14
MinimumVisualStudioVersion = 10.0.40219.1
Project("{FAE04EC0-301F-11D3-BF4B-00C04F79EFBC}") = "TestStandartDialog", "TestStandartDialog\TestStandartDialog.csproj", "{DF3485FE-B176-4DF0-920C-79914701AB9B}"
EndProject
Global
	GlobalSection(SolutionConfigurationPlatforms) = preSolution
		Debug|Any CPU = Debug|Any CPU
		Release|Any CPU = Release|Any CPU
	EndGlobalSection
	GlobalSection(ProjectConfigurationPlatforms) = postSolution
		{DF3485FE-B176-4DF0-920C-79914701AB9B}.Debug|Any CPU.ActiveCfg = Debug|Any CPU
		{DF3485FE-B176-4DF0-920C-79914701AB9B}.Debug|Any CPU.Build.0 = Debug|Any CPU
		{DF3485FE-B176-4DF0-920C-79914701AB9B}.Release|Any CPU.ActiveCfg = Release|Any CPU
		{DF3485FE-B176-4DF0-920C-79914701AB9B}.Release|Any CPU.Build.0 = Release|Any CPU
	EndGlobalSection
	GlobalSection(SolutionProperties) = preSolution
		HideSolutionNode = FALSE
	EndGlobalSection
	GlobalSection(ExtensibilityGlobals) = postSolution
		SolutionGuid = {28E58A7B-C18F-40CE-B403-9B51F396A86A}
	EndGlobalSection
EndGlobal
